
Microsoft Visual Studio Solution File, Format Version 12.00
# Visual Studio Version 17
VisualStudioVersion = 17.1.32421.90
MinimumVisualStudioVersion = 10.0.40219.1
Project("{8BC9CEB8-8B4A-11D0-8D11-00A0C91BC942}") = "sorted_bag+hash+coalescent", "sorted_bag+hash+coalescent\sorted_bag+hash+coalescent.vcxproj", "{9BDFC263-9B64-46F3-AE5B-E6CD5EA12CAA}"
EndProject
Global
	GlobalSection(SolutionConfigurationPlatforms) = preSolution
		Debug|x64 = Debug|x64
		Debug|x86 = Debug|x86
		Release|x64 = Release|x64
		Release|x86 = Release|x86
	EndGlobalSection
	GlobalSection(ProjectConfigurationPlatforms) = postSolution
		{9BDFC263-9B64-46F3-AE5B-E6CD5EA12CAA}.Debug|x64.ActiveCfg = Debug|x64
		{9BDFC263-9B64-46F3-AE5B-E6CD5EA12CAA}.Debug|x64.Build.0 = Debug|x64
		{9BDFC263-9B64-46F3-AE5B-E6CD5EA12CAA}.Debug|x86.ActiveCfg = Debug|Win32
		{9BDFC263-9B64-46F3-AE5B-E6CD5EA12CAA}.Debug|x86.Build.0 = Debug|Win32
		{9BDFC263-9B64-46F3-AE5B-E6CD5EA12CAA}.Release|x64.ActiveCfg = Release|x64
		{9BDFC263-9B64-46F3-AE5B-E6CD5EA12CAA}.Release|x64.Build.0 = Release|x64
		{9BDFC263-9B64-46F3-AE5B-E6CD5EA12CAA}.Release|x86.ActiveCfg = Release|Win32
		{9BDFC263-9B64-46F3-AE5B-E6CD5EA12CAA}.Release|x86.Build.0 = Release|Win32
	EndGlobalSection
	GlobalSection(SolutionProperties) = preSolution
		HideSolutionNode = FALSE
	EndGlobalSection
	GlobalSection(ExtensibilityGlobals) = postSolution
		SolutionGuid = {2CA25A0B-0B09-4B33-B18A-D8CCF24E0D4D}
	EndGlobalSection
EndGlobal
